<?xml version="1.0" encoding="utf-8"?>
<Project ToolsVersion="4.0" xmlns="http://schemas.microsoft.com/developer/msbuild/2003">
  <ItemGroup>
    <Filter Include="rkh">
      <UniqueIdentifier>{d8fa5bff-86bb-475e-85d9-ffb81fe3085c}</UniqueIdentifier>
    </Filter>
    <Filter Include="bsp">
      <UniqueIdentifier>{d71d04dd-15e2-48c6-ab34-6fa7fd17e895}</UniqueIdentifier>
    </Filter>
    <Filter Include="oven">
      <UniqueIdentifier>{b71fff80-4e27-4b76-bf7a-762bff139aa3}</UniqueIdentifier>
    </Filter>
  </ItemGroup>
  <ItemGroup>
    <ClCompile Include="..\bsp.c">
      <Filter>bsp</Filter>
    </ClCompile>
    <ClCompile Include="..\tcptrc.c">
      <Filter>bsp</Filter>
    </ClCompile>
    <ClCompile Include="..\..\..\..\..\rkh\source\rkhtrc.c">
      <Filter>rkh</Filter>
    </ClCompile>
    <ClCompile Include="..\..\..\..\..\rkh\source\rkhtim.c">
      <Filter>rkh</Filter>
    </ClCompile>
    <ClCompile Include="..\..\..\..\..\rkh\source\rkhtbl.c">
      <Filter>rkh</Filter>
    </ClCompile>
    <ClCompile Include="..\..\..\..\..\rkh\source\rkhsma.c">
      <Filter>rkh</Filter>
    </ClCompile>
    <ClCompile Include="..\..\..\..\..\rkh\source\rkhs.c">
      <Filter>rkh</Filter>
    </ClCompile>
    <ClCompile Include="..\..\..\..\..\rkh\source\rkhrq.c">
      <Filter>rkh</Filter>
    </ClCompile>
    <ClCompile Include="..\..\..\..\..\rkh\source\rkhmp.c">
      <Filter>rkh</Filter>
    </ClCompile>
    <ClCompile Include="..\..\..\..\..\rkh\source\rkhdyn.c">
      <Filter>rkh</Filter>
    </ClCompile>
    <ClCompile Include="..\..\..\..\..\rkh\source\rkh.c">
      <Filter>rkh</Filter>
    </ClCompile>
    <ClCompile Include="..\..\..\..\..\rkh\source\portable\80x86\win32_st\vc08\rkhport.c">
      <Filter>rkh</Filter>
    </ClCompile>
    <ClCompile Include="..\..\..\oven1\main.c">
      <Filter>oven</Filter>
    </ClCompile>
    <ClCompile Include="..\..\..\oven1\oven.c">
      <Filter>oven</Filter>
    </ClCompile>
  </ItemGroup>
  <ItemGroup>
    <ClInclude Include="..\bsp.h">
      <Filter>bsp</Filter>
    </ClInclude>
    <ClInclude Include="..\tcptrc.h">
      <Filter>bsp</Filter>
    </ClInclude>
    <ClInclude Include="..\..\..\oven1\oven.h">
      <Filter>oven</Filter>
    </ClInclude>
    <ClInclude Include="..\..\..\oven1\rkhcfg.h">
      <Filter>oven</Filter>
    </ClInclude>
  </ItemGroup>
</Project>