<?xml version="1.0" encoding="utf-8"?>
<Project ToolsVersion="4.0" xmlns="http://schemas.microsoft.com/developer/msbuild/2003">
  <ItemGroup>
    <Filter Include="oven">
      <UniqueIdentifier>{afa225e9-30f2-4371-bbe6-c517ebc52e48}</UniqueIdentifier>
    </Filter>
    <Filter Include="bsp">
      <UniqueIdentifier>{2316084f-b201-4d4d-9881-2b7484f2acd1}</UniqueIdentifier>
    </Filter>
    <Filter Include="rkh">
      <UniqueIdentifier>{71fe2527-9156-4b49-b3d4-68384f8ee09e}</UniqueIdentifier>
    </Filter>
    <Filter Include="rkh\source">
      <UniqueIdentifier>{f1270308-0519-4953-a585-82ba245cc2a6}</UniqueIdentifier>
    </Filter>
    <Filter Include="rkh\source\portable">
      <UniqueIdentifier>{b2d1364d-9d17-435d-9d56-86353b93b933}</UniqueIdentifier>
    </Filter>
    <Filter Include="rkh\source\include">
      <UniqueIdentifier>{8ce927ea-2b24-48d5-9db4-be155d0cb692}</UniqueIdentifier>
    </Filter>
  </ItemGroup>
  <ItemGroup>
    <ClCompile Include="..\bsp.c">
      <Filter>bsp</Filter>
    </ClCompile>
    <ClCompile Include="..\tcptrc.c">
      <Filter>bsp</Filter>
    </ClCompile>
    <ClCompile Include="..\..\..\rkh\source\rkh.c">
      <Filter>rkh\source</Filter>
    </ClCompile>
    <ClCompile Include="..\..\..\rkh\source\rkhdyn.c">
      <Filter>rkh\source</Filter>
    </ClCompile>
    <ClCompile Include="..\..\..\rkh\source\rkhmp.c">
      <Filter>rkh\source</Filter>
    </ClCompile>
    <ClCompile Include="..\..\..\rkh\source\rkhrq.c">
      <Filter>rkh\source</Filter>
    </ClCompile>
    <ClCompile Include="..\..\..\rkh\source\rkhs.c">
      <Filter>rkh\source</Filter>
    </ClCompile>
    <ClCompile Include="..\..\..\rkh\source\rkhsma.c">
      <Filter>rkh\source</Filter>
    </ClCompile>
    <ClCompile Include="..\..\..\rkh\source\rkhtbl.c">
      <Filter>rkh\source</Filter>
    </ClCompile>
    <ClCompile Include="..\..\..\rkh\source\rkhtim.c">
      <Filter>rkh\source</Filter>
    </ClCompile>
    <ClCompile Include="..\..\..\rkh\source\rkhtrc.c">
      <Filter>rkh\source</Filter>
    </ClCompile>
    <ClCompile Include="..\..\..\rkh\source\portable\80x86\win32_st\vc08\rkhport.c">
      <Filter>rkh\source\portable</Filter>
    </ClCompile>
    <ClCompile Include="..\..\..\oven\oven_2\main.c">
      <Filter>oven</Filter>
    </ClCompile>
    <ClCompile Include="..\..\..\oven\oven_2\oven.c">
      <Filter>oven</Filter>
    </ClCompile>
    <ClCompile Include="..\..\..\oven\oven_2\ovenact.c">
      <Filter>oven</Filter>
    </ClCompile>
  </ItemGroup>
  <ItemGroup>
    <ClInclude Include="..\bsp.h">
      <Filter>bsp</Filter>
    </ClInclude>
    <ClInclude Include="..\tcptrc.h">
      <Filter>bsp</Filter>
    </ClInclude>
    <ClInclude Include="..\..\..\rkh\source\portable\80x86\win32_st\vc08\rkhport.h">
      <Filter>rkh\source\portable</Filter>
    </ClInclude>
    <ClInclude Include="..\..\..\rkh\source\portable\80x86\win32_st\vc08\rkht.h">
      <Filter>rkh\source\portable</Filter>
    </ClInclude>
    <ClInclude Include="..\..\..\rkh\source\include\rkh.h">
      <Filter>rkh\source\include</Filter>
    </ClInclude>
    <ClInclude Include="..\..\..\rkh\source\include\rkhassert.h">
      <Filter>rkh\source\include</Filter>
    </ClInclude>
    <ClInclude Include="..\..\..\rkh\source\include\rkhdef.h">
      <Filter>rkh\source\include</Filter>
    </ClInclude>
    <ClInclude Include="..\..\..\rkh\source\include\rkhevt.h">
      <Filter>rkh\source\include</Filter>
    </ClInclude>
    <ClInclude Include="..\..\..\rkh\source\include\rkhitl.h">
      <Filter>rkh\source\include</Filter>
    </ClInclude>
    <ClInclude Include="..\..\..\rkh\source\include\rkhmp.h">
      <Filter>rkh\source\include</Filter>
    </ClInclude>
    <ClInclude Include="..\..\..\rkh\source\include\rkhplat.h">
      <Filter>rkh\source\include</Filter>
    </ClInclude>
    <ClInclude Include="..\..\..\rkh\source\include\rkhrdy.h">
      <Filter>rkh\source\include</Filter>
    </ClInclude>
    <ClInclude Include="..\..\..\rkh\source\include\rkhrq.h">
      <Filter>rkh\source\include</Filter>
    </ClInclude>
    <ClInclude Include="..\..\..\rkh\source\include\rkhs.h">
      <Filter>rkh\source\include</Filter>
    </ClInclude>
    <ClInclude Include="..\..\..\rkh\source\include\rkhtim.h">
      <Filter>rkh\source\include</Filter>
    </ClInclude>
    <ClInclude Include="..\..\..\rkh\source\include\rkhtrc.h">
      <Filter>rkh\source\include</Filter>
    </ClInclude>
    <ClInclude Include="..\..\..\rkh\source\include\rkhtype.h">
      <Filter>rkh\source\include</Filter>
    </ClInclude>
    <ClInclude Include="..\..\..\oven\oven_2\oven.h">
      <Filter>oven</Filter>
    </ClInclude>
    <ClInclude Include="..\..\..\oven\oven_2\ovenact.h">
      <Filter>oven</Filter>
    </ClInclude>
    <ClInclude Include="..\..\..\oven\oven_2\ovenevt.h">
      <Filter>oven</Filter>
    </ClInclude>
    <ClInclude Include="..\..\..\oven\oven_2\rkhcfg.h">
      <Filter>oven</Filter>
    </ClInclude>
  </ItemGroup>
</Project>