
Microsoft Visual Studio Solution File, Format Version 11.00
# Visual C++ Express 2010
Project("{8BC9CEB8-8B4A-11D0-8D11-00A0C91BC942}") = "oven_1", "oven_1.vcxproj", "{9C498F1F-016A-4C61-94DB-FDB91B7D2DEB}"
EndProject
Project("{8BC9CEB8-8B4A-11D0-8D11-00A0C91BC942}") = "oven_2", "oven_2.vcxproj", "{D259C2AB-0514-46CF-8C38-E526928FD54A}"
EndProject
Project("{8BC9CEB8-8B4A-11D0-8D11-00A0C91BC942}") = "oven_3", "oven_3.vcxproj", "{5C06AD8B-291B-42D2-876D-826228644733}"
EndProject
Project("{8BC9CEB8-8B4A-11D0-8D11-00A0C91BC942}") = "oven_4", "oven_4.vcxproj", "{787E9EC9-4FAC-4480-AB33-1D6D4F8C24AB}"
EndProject
Global
	GlobalSection(SolutionConfigurationPlatforms) = preSolution
		Debug|Win32 = Debug|Win32
		out_oven1|Win32 = out_oven1|Win32
		out_oven2|Win32 = out_oven2|Win32
		out_oven3|Win32 = out_oven3|Win32
		out_oven4|Win32 = out_oven4|Win32
		out_oven6|Win32 = out_oven6|Win32
		Release|Win32 = Release|Win32
	EndGlobalSection
	GlobalSection(ProjectConfigurationPlatforms) = postSolution
		{9C498F1F-016A-4C61-94DB-FDB91B7D2DEB}.Debug|Win32.ActiveCfg = out_oven1|Win32
		{9C498F1F-016A-4C61-94DB-FDB91B7D2DEB}.Debug|Win32.Build.0 = out_oven1|Win32
		{9C498F1F-016A-4C61-94DB-FDB91B7D2DEB}.out_oven1|Win32.ActiveCfg = out_oven1|Win32
		{9C498F1F-016A-4C61-94DB-FDB91B7D2DEB}.out_oven1|Win32.Build.0 = out_oven1|Win32
		{9C498F1F-016A-4C61-94DB-FDB91B7D2DEB}.out_oven2|Win32.ActiveCfg = out_oven1|Win32
		{9C498F1F-016A-4C61-94DB-FDB91B7D2DEB}.out_oven2|Win32.Build.0 = out_oven1|Win32
		{9C498F1F-016A-4C61-94DB-FDB91B7D2DEB}.out_oven3|Win32.ActiveCfg = out_oven1|Win32
		{9C498F1F-016A-4C61-94DB-FDB91B7D2DEB}.out_oven3|Win32.Build.0 = out_oven1|Win32
		{9C498F1F-016A-4C61-94DB-FDB91B7D2DEB}.out_oven4|Win32.ActiveCfg = out_oven1|Win32
		{9C498F1F-016A-4C61-94DB-FDB91B7D2DEB}.out_oven4|Win32.Build.0 = out_oven1|Win32
		{9C498F1F-016A-4C61-94DB-FDB91B7D2DEB}.out_oven6|Win32.ActiveCfg = out_oven1|Win32
		{9C498F1F-016A-4C61-94DB-FDB91B7D2DEB}.out_oven6|Win32.Build.0 = out_oven1|Win32
		{9C498F1F-016A-4C61-94DB-FDB91B7D2DEB}.Release|Win32.ActiveCfg = out_oven1|Win32
		{9C498F1F-016A-4C61-94DB-FDB91B7D2DEB}.Release|Win32.Build.0 = out_oven1|Win32
		{D259C2AB-0514-46CF-8C38-E526928FD54A}.Debug|Win32.ActiveCfg = out_oven2|Win32
		{D259C2AB-0514-46CF-8C38-E526928FD54A}.Debug|Win32.Build.0 = out_oven2|Win32
		{D259C2AB-0514-46CF-8C38-E526928FD54A}.out_oven1|Win32.ActiveCfg = out_oven2|Win32
		{D259C2AB-0514-46CF-8C38-E526928FD54A}.out_oven1|Win32.Build.0 = out_oven2|Win32
		{D259C2AB-0514-46CF-8C38-E526928FD54A}.out_oven2|Win32.ActiveCfg = out_oven2|Win32
		{D259C2AB-0514-46CF-8C38-E526928FD54A}.out_oven2|Win32.Build.0 = out_oven2|Win32
		{D259C2AB-0514-46CF-8C38-E526928FD54A}.out_oven3|Win32.ActiveCfg = out_oven2|Win32
		{D259C2AB-0514-46CF-8C38-E526928FD54A}.out_oven3|Win32.Build.0 = out_oven2|Win32
		{D259C2AB-0514-46CF-8C38-E526928FD54A}.out_oven4|Win32.ActiveCfg = out_oven2|Win32
		{D259C2AB-0514-46CF-8C38-E526928FD54A}.out_oven4|Win32.Build.0 = out_oven2|Win32
		{D259C2AB-0514-46CF-8C38-E526928FD54A}.out_oven6|Win32.ActiveCfg = out_oven2|Win32
		{D259C2AB-0514-46CF-8C38-E526928FD54A}.out_oven6|Win32.Build.0 = out_oven2|Win32
		{D259C2AB-0514-46CF-8C38-E526928FD54A}.Release|Win32.ActiveCfg = out_oven2|Win32
		{D259C2AB-0514-46CF-8C38-E526928FD54A}.Release|Win32.Build.0 = out_oven2|Win32
		{5C06AD8B-291B-42D2-876D-826228644733}.Debug|Win32.ActiveCfg = out_oven3|Win32
		{5C06AD8B-291B-42D2-876D-826228644733}.Debug|Win32.Build.0 = out_oven3|Win32
		{5C06AD8B-291B-42D2-876D-826228644733}.out_oven1|Win32.ActiveCfg = out_oven3|Win32
		{5C06AD8B-291B-42D2-876D-826228644733}.out_oven1|Win32.Build.0 = out_oven3|Win32
		{5C06AD8B-291B-42D2-876D-826228644733}.out_oven2|Win32.ActiveCfg = out_oven3|Win32
		{5C06AD8B-291B-42D2-876D-826228644733}.out_oven2|Win32.Build.0 = out_oven3|Win32
		{5C06AD8B-291B-42D2-876D-826228644733}.out_oven3|Win32.ActiveCfg = out_oven3|Win32
		{5C06AD8B-291B-42D2-876D-826228644733}.out_oven3|Win32.Build.0 = out_oven3|Win32
		{5C06AD8B-291B-42D2-876D-826228644733}.out_oven4|Win32.ActiveCfg = out_oven3|Win32
		{5C06AD8B-291B-42D2-876D-826228644733}.out_oven4|Win32.Build.0 = out_oven3|Win32
		{5C06AD8B-291B-42D2-876D-826228644733}.out_oven6|Win32.ActiveCfg = out_oven3|Win32
		{5C06AD8B-291B-42D2-876D-826228644733}.out_oven6|Win32.Build.0 = out_oven3|Win32
		{5C06AD8B-291B-42D2-876D-826228644733}.Release|Win32.ActiveCfg = out_oven3|Win32
		{5C06AD8B-291B-42D2-876D-826228644733}.Release|Win32.Build.0 = out_oven3|Win32
		{787E9EC9-4FAC-4480-AB33-1D6D4F8C24AB}.Debug|Win32.ActiveCfg = out_oven4|Win32
		{787E9EC9-4FAC-4480-AB33-1D6D4F8C24AB}.Debug|Win32.Build.0 = out_oven4|Win32
		{787E9EC9-4FAC-4480-AB33-1D6D4F8C24AB}.out_oven1|Win32.ActiveCfg = out_oven4|Win32
		{787E9EC9-4FAC-4480-AB33-1D6D4F8C24AB}.out_oven1|Win32.Build.0 = out_oven4|Win32
		{787E9EC9-4FAC-4480-AB33-1D6D4F8C24AB}.out_oven2|Win32.ActiveCfg = out_oven4|Win32
		{787E9EC9-4FAC-4480-AB33-1D6D4F8C24AB}.out_oven2|Win32.Build.0 = out_oven4|Win32
		{787E9EC9-4FAC-4480-AB33-1D6D4F8C24AB}.out_oven3|Win32.ActiveCfg = out_oven4|Win32
		{787E9EC9-4FAC-4480-AB33-1D6D4F8C24AB}.out_oven3|Win32.Build.0 = out_oven4|Win32
		{787E9EC9-4FAC-4480-AB33-1D6D4F8C24AB}.out_oven4|Win32.ActiveCfg = out_oven4|Win32
		{787E9EC9-4FAC-4480-AB33-1D6D4F8C24AB}.out_oven4|Win32.Build.0 = out_oven4|Win32
		{787E9EC9-4FAC-4480-AB33-1D6D4F8C24AB}.out_oven6|Win32.ActiveCfg = out_oven4|Win32
		{787E9EC9-4FAC-4480-AB33-1D6D4F8C24AB}.out_oven6|Win32.Build.0 = out_oven4|Win32
		{787E9EC9-4FAC-4480-AB33-1D6D4F8C24AB}.Release|Win32.ActiveCfg = out_oven4|Win32
		{787E9EC9-4FAC-4480-AB33-1D6D4F8C24AB}.Release|Win32.Build.0 = out_oven4|Win32
	EndGlobalSection
	GlobalSection(SolutionProperties) = preSolution
		HideSolutionNode = FALSE
	EndGlobalSection
EndGlobal
