<?xml version="1.0" encoding="utf-8"?>
<Project ToolsVersion="4.0" xmlns="http://schemas.microsoft.com/developer/msbuild/2003">
  <ItemGroup>
    <Filter Include="oven">
      <UniqueIdentifier>{4FC737F1-C7A5-4376-A066-2A32D752A2FF}</UniqueIdentifier>
      <Extensions>cpp;c;cc;cxx;def;odl;idl;hpj;bat;asm;asmx</Extensions>
    </Filter>
    <Filter Include="rkh">
      <UniqueIdentifier>{d8fa5bff-86bb-475e-85d9-ffb81fe3085c}</UniqueIdentifier>
    </Filter>
    <Filter Include="rkh\source">
      <UniqueIdentifier>{f05f00f2-aa7e-443c-a921-da7d60a397e5}</UniqueIdentifier>
    </Filter>
    <Filter Include="bsp">
      <UniqueIdentifier>{d71d04dd-15e2-48c6-ab34-6fa7fd17e895}</UniqueIdentifier>
    </Filter>
    <Filter Include="rkh\source\portable">
      <UniqueIdentifier>{bf741af3-46a9-4f75-964e-74a343f8f9d5}</UniqueIdentifier>
    </Filter>
    <Filter Include="rkh\source\include">
      <UniqueIdentifier>{9c317433-ed1d-4938-b125-e4c1ad59c6e3}</UniqueIdentifier>
    </Filter>
  </ItemGroup>
  <ItemGroup>
    <ClCompile Include="..\bsp.c">
      <Filter>bsp</Filter>
    </ClCompile>
    <ClCompile Include="..\tcptrc.c">
      <Filter>bsp</Filter>
    </ClCompile>
    <ClCompile Include="..\..\..\oven\oven_1\main.c">
      <Filter>oven</Filter>
    </ClCompile>
    <ClCompile Include="..\..\..\oven\oven_1\oven.c">
      <Filter>oven</Filter>
    </ClCompile>
    <ClCompile Include="..\..\..\oven\oven_1\ovenact.c">
      <Filter>oven</Filter>
    </ClCompile>
    <ClCompile Include="..\..\..\rkh\source\rkh.c">
      <Filter>rkh\source</Filter>
    </ClCompile>
    <ClCompile Include="..\..\..\rkh\source\rkhdyn.c">
      <Filter>rkh\source</Filter>
    </ClCompile>
    <ClCompile Include="..\..\..\rkh\source\rkhmp.c">
      <Filter>rkh\source</Filter>
    </ClCompile>
    <ClCompile Include="..\..\..\rkh\source\rkhrq.c">
      <Filter>rkh\source</Filter>
    </ClCompile>
    <ClCompile Include="..\..\..\rkh\source\rkhs.c">
      <Filter>rkh\source</Filter>
    </ClCompile>
    <ClCompile Include="..\..\..\rkh\source\rkhsma.c">
      <Filter>rkh\source</Filter>
    </ClCompile>
    <ClCompile Include="..\..\..\rkh\source\rkhtbl.c">
      <Filter>rkh\source</Filter>
    </ClCompile>
    <ClCompile Include="..\..\..\rkh\source\rkhtim.c">
      <Filter>rkh\source</Filter>
    </ClCompile>
    <ClCompile Include="..\..\..\rkh\source\rkhtrc.c">
      <Filter>rkh\source</Filter>
    </ClCompile>
    <ClCompile Include="..\..\..\rkh\source\portable\80x86\win32_st\vc08\rkhport.c">
      <Filter>rkh\source\portable</Filter>
    </ClCompile>
  </ItemGroup>
  <ItemGroup>
    <ClInclude Include="..\bsp.h">
      <Filter>bsp</Filter>
    </ClInclude>
    <ClInclude Include="..\tcptrc.h">
      <Filter>bsp</Filter>
    </ClInclude>
    <ClInclude Include="..\..\..\oven\oven_1\oven.h">
      <Filter>oven</Filter>
    </ClInclude>
    <ClInclude Include="..\..\..\oven\oven_1\ovenact.h">
      <Filter>oven</Filter>
    </ClInclude>
    <ClInclude Include="..\..\..\oven\oven_1\ovenevt.h">
      <Filter>oven</Filter>
    </ClInclude>
    <ClInclude Include="..\..\..\oven\oven_1\rkhcfg.h">
      <Filter>oven</Filter>
    </ClInclude>
    <ClInclude Include="..\..\..\rkh\source\include\rkh.h">
      <Filter>rkh\source\include</Filter>
    </ClInclude>
    <ClInclude Include="..\..\..\rkh\source\include\rkhassert.h">
      <Filter>rkh\source\include</Filter>
    </ClInclude>
    <ClInclude Include="..\..\..\rkh\source\include\rkhdef.h">
      <Filter>rkh\source\include</Filter>
    </ClInclude>
    <ClInclude Include="..\..\..\rkh\source\include\rkhevt.h">
      <Filter>rkh\source\include</Filter>
    </ClInclude>
    <ClInclude Include="..\..\..\rkh\source\include\rkhitl.h">
      <Filter>rkh\source\include</Filter>
    </ClInclude>
    <ClInclude Include="..\..\..\rkh\source\include\rkhmp.h">
      <Filter>rkh\source\include</Filter>
    </ClInclude>
    <ClInclude Include="..\..\..\rkh\source\include\rkhplat.h">
      <Filter>rkh\source\include</Filter>
    </ClInclude>
    <ClInclude Include="..\..\..\rkh\source\include\rkhrdy.h">
      <Filter>rkh\source\include</Filter>
    </ClInclude>
    <ClInclude Include="..\..\..\rkh\source\include\rkhrq.h">
      <Filter>rkh\source\include</Filter>
    </ClInclude>
    <ClInclude Include="..\..\..\rkh\source\include\rkhs.h">
      <Filter>rkh\source\include</Filter>
    </ClInclude>
    <ClInclude Include="..\..\..\rkh\source\include\rkhtim.h">
      <Filter>rkh\source\include</Filter>
    </ClInclude>
    <ClInclude Include="..\..\..\rkh\source\include\rkhtrc.h">
      <Filter>rkh\source\include</Filter>
    </ClInclude>
    <ClInclude Include="..\..\..\rkh\source\include\rkhtype.h">
      <Filter>rkh\source\include</Filter>
    </ClInclude>
    <ClInclude Include="..\..\..\rkh\source\portable\80x86\win32_st\vc08\rkhport.h">
      <Filter>rkh\source\portable</Filter>
    </ClInclude>
    <ClInclude Include="..\..\..\rkh\source\portable\80x86\win32_st\vc08\rkht.h">
      <Filter>rkh\source\portable</Filter>
    </ClInclude>
  </ItemGroup>
</Project>