<?xml version="1.0" encoding="utf-8"?>
<Project ToolsVersion="4.0" xmlns="http://schemas.microsoft.com/developer/msbuild/2003">
  <ItemGroup>
    <Filter Include="bsp">
      <UniqueIdentifier>{93bfa4d5-4fd9-4e24-8854-d8508b7dcea3}</UniqueIdentifier>
    </Filter>
    <Filter Include="rkh">
      <UniqueIdentifier>{a7a27e5a-04e7-4897-803b-0e2dc2abb177}</UniqueIdentifier>
    </Filter>
    <Filter Include="rkh\source">
      <UniqueIdentifier>{dac58813-724b-46cc-8272-7fab8bd4066f}</UniqueIdentifier>
    </Filter>
    <Filter Include="rkh\include">
      <UniqueIdentifier>{152caacb-1403-4c11-ba76-624a71e45999}</UniqueIdentifier>
    </Filter>
    <Filter Include="oven">
      <UniqueIdentifier>{afa225e9-30f2-4371-bbe6-c517ebc52e48}</UniqueIdentifier>
    </Filter>
  </ItemGroup>
  <ItemGroup>
    <ClCompile Include="..\bsp.c">
      <Filter>bsp</Filter>
    </ClCompile>
    <ClCompile Include="..\tcptrc.c">
      <Filter>bsp</Filter>
    </ClCompile>
    <ClCompile Include="..\..\..\..\rkh\source\rkh.c">
      <Filter>rkh\source</Filter>
    </ClCompile>
    <ClCompile Include="..\..\..\..\rkh\source\rkhdyn.c">
      <Filter>rkh\source</Filter>
    </ClCompile>
    <ClCompile Include="..\..\..\..\rkh\source\rkhmp.c">
      <Filter>rkh\source</Filter>
    </ClCompile>
    <ClCompile Include="..\..\..\..\rkh\source\portable\80x86\win32_st\vc08\rkhport.c">
      <Filter>rkh\source</Filter>
    </ClCompile>
    <ClCompile Include="..\..\..\..\rkh\source\rkhrq.c">
      <Filter>rkh\source</Filter>
    </ClCompile>
    <ClCompile Include="..\..\..\..\rkh\source\rkhs.c">
      <Filter>rkh\source</Filter>
    </ClCompile>
    <ClCompile Include="..\..\..\..\rkh\source\rkhsma.c">
      <Filter>rkh\source</Filter>
    </ClCompile>
    <ClCompile Include="..\..\..\..\rkh\source\rkhtbl.c">
      <Filter>rkh\source</Filter>
    </ClCompile>
    <ClCompile Include="..\..\..\..\rkh\source\rkhtim.c">
      <Filter>rkh\source</Filter>
    </ClCompile>
    <ClCompile Include="..\..\..\..\rkh\source\rkhtrc.c">
      <Filter>rkh\source</Filter>
    </ClCompile>
    <ClCompile Include="..\..\..\oven_2\main.c">
      <Filter>oven</Filter>
    </ClCompile>
    <ClCompile Include="..\..\..\oven_2\oven.c">
      <Filter>oven</Filter>
    </ClCompile>
    <ClCompile Include="..\..\..\oven_2\ovenact.c">
      <Filter>oven</Filter>
    </ClCompile>
  </ItemGroup>
  <ItemGroup>
    <ClInclude Include="..\bsp.h">
      <Filter>bsp</Filter>
    </ClInclude>
    <ClInclude Include="..\tcptrc.h">
      <Filter>bsp</Filter>
    </ClInclude>
    <ClInclude Include="..\..\..\..\rkh\source\include\rkh.h">
      <Filter>rkh\include</Filter>
    </ClInclude>
    <ClInclude Include="..\..\..\..\rkh\source\include\rkhassert.h">
      <Filter>rkh\include</Filter>
    </ClInclude>
    <ClInclude Include="..\..\..\..\rkh\source\include\rkhdef.h">
      <Filter>rkh\include</Filter>
    </ClInclude>
    <ClInclude Include="..\..\..\..\rkh\source\include\rkhevt.h">
      <Filter>rkh\include</Filter>
    </ClInclude>
    <ClInclude Include="..\..\..\..\rkh\source\include\rkhitl.h">
      <Filter>rkh\include</Filter>
    </ClInclude>
    <ClInclude Include="..\..\..\..\rkh\source\include\rkhmp.h">
      <Filter>rkh\include</Filter>
    </ClInclude>
    <ClInclude Include="..\..\..\..\rkh\source\include\rkhplat.h">
      <Filter>rkh\include</Filter>
    </ClInclude>
    <ClInclude Include="..\..\..\..\..\..\source\portable\80x86\win32_st\vc08\rkhport.h">
      <Filter>rkh\include</Filter>
    </ClInclude>
    <ClInclude Include="..\..\..\..\rkh\source\portable\80x86\win32_st\vc08\rkhport.h">
      <Filter>rkh\include</Filter>
    </ClInclude>
    <ClInclude Include="..\..\..\..\rkh\source\include\rkhrdy.h">
      <Filter>rkh\include</Filter>
    </ClInclude>
    <ClInclude Include="..\..\..\..\rkh\source\include\rkhrq.h">
      <Filter>rkh\include</Filter>
    </ClInclude>
    <ClInclude Include="..\..\..\..\rkh\source\include\rkhs.h">
      <Filter>rkh\include</Filter>
    </ClInclude>
    <ClInclude Include="..\..\..\..\rkh\source\portable\80x86\win32_st\vc08\rkht.h">
      <Filter>rkh\include</Filter>
    </ClInclude>
    <ClInclude Include="..\..\..\..\..\..\source\portable\80x86\win32_st\vc08\rkht.h">
      <Filter>rkh\include</Filter>
    </ClInclude>
    <ClInclude Include="..\..\..\..\rkh\source\include\rkhtim.h">
      <Filter>rkh\include</Filter>
    </ClInclude>
    <ClInclude Include="..\..\..\..\rkh\source\include\rkhtrc.h">
      <Filter>rkh\include</Filter>
    </ClInclude>
    <ClInclude Include="..\..\..\..\rkh\source\include\rkhtype.h">
      <Filter>rkh\include</Filter>
    </ClInclude>
    <ClInclude Include="..\..\..\oven_2\oven.h">
      <Filter>oven</Filter>
    </ClInclude>
    <ClInclude Include="..\..\..\oven_2\ovenact.h">
      <Filter>oven</Filter>
    </ClInclude>
    <ClInclude Include="..\..\..\oven_2\ovenevt.h">
      <Filter>oven</Filter>
    </ClInclude>
    <ClInclude Include="..\..\..\oven_2\rkhcfg.h">
      <Filter>oven</Filter>
    </ClInclude>
  </ItemGroup>
</Project>