<?xml version="1.0" encoding="utf-8"?>
<Project ToolsVersion="4.0" xmlns="http://schemas.microsoft.com/developer/msbuild/2003">
  <ItemGroup>
    <Filter Include="bsp">
      <UniqueIdentifier>{72ea3b86-4c6d-4c4c-8646-576937839c3c}</UniqueIdentifier>
    </Filter>
    <Filter Include="oven">
      <UniqueIdentifier>{99975956-70e5-4539-bd60-80451a2a9888}</UniqueIdentifier>
    </Filter>
    <Filter Include="rkh">
      <UniqueIdentifier>{0e9b537c-ba1f-4a7e-9650-342ce3ad8963}</UniqueIdentifier>
    </Filter>
  </ItemGroup>
  <ItemGroup>
    <ClCompile Include="..\..\..\oven4\oven.c">
      <Filter>oven</Filter>
    </ClCompile>
    <ClCompile Include="..\..\..\oven4\main.c">
      <Filter>oven</Filter>
    </ClCompile>
    <ClCompile Include="..\..\..\..\..\rkh\source\fwk\src\rkhfwk_bittbl.c">
      <Filter>rkh</Filter>
    </ClCompile>
    <ClCompile Include="..\..\..\..\..\rkh\source\fwk\src\rkhfwk_dynevt.c">
      <Filter>rkh</Filter>
    </ClCompile>
    <ClCompile Include="..\..\..\..\..\rkh\source\fwk\src\rkhfwk_evtpool.c">
      <Filter>rkh</Filter>
    </ClCompile>
    <ClCompile Include="..\..\..\..\..\rkh\source\fwk\src\rkhfwk_sched.c">
      <Filter>rkh</Filter>
    </ClCompile>
    <ClCompile Include="..\..\..\..\..\rkh\source\fwk\src\rkhfwk_version.c">
      <Filter>rkh</Filter>
    </ClCompile>
    <ClCompile Include="..\..\..\..\..\rkh\source\mempool\src\rkhmempool.c">
      <Filter>rkh</Filter>
    </ClCompile>
    <ClCompile Include="..\..\..\..\..\rkh\source\portable\80x86\win32_st\vc\rkhport.c">
      <Filter>rkh</Filter>
    </ClCompile>
    <ClCompile Include="..\..\..\..\..\rkh\source\queue\src\rkhqueue.c">
      <Filter>rkh</Filter>
    </ClCompile>
    <ClCompile Include="..\..\..\..\..\rkh\source\sm\src\rkhsm.c">
      <Filter>rkh</Filter>
    </ClCompile>
    <ClCompile Include="..\..\..\..\..\rkh\source\sma\src\rkhsma.c">
      <Filter>rkh</Filter>
    </ClCompile>
    <ClCompile Include="..\..\..\..\..\rkh\source\sma\src\rkhsma_prio.c">
      <Filter>rkh</Filter>
    </ClCompile>
    <ClCompile Include="..\..\..\..\..\rkh\source\tmr\src\rkhtmr.c">
      <Filter>rkh</Filter>
    </ClCompile>
    <ClCompile Include="..\..\..\..\..\rkh\source\trc\src\rkhtrc_filter.c">
      <Filter>rkh</Filter>
    </ClCompile>
    <ClCompile Include="..\..\..\..\..\rkh\source\trc\src\rkhtrc_record.c">
      <Filter>rkh</Filter>
    </ClCompile>
    <ClCompile Include="..\..\..\..\..\rkh\source\trc\src\rkhtrc_stream.c">
      <Filter>rkh</Filter>
    </ClCompile>
    <ClCompile Include="..\assert.c">
      <Filter>bsp</Filter>
    </ClCompile>
    <ClCompile Include="..\bsp_oven.c">
      <Filter>bsp</Filter>
    </ClCompile>
    <ClCompile Include="..\getopt.c">
      <Filter>bsp</Filter>
    </ClCompile>
    <ClCompile Include="..\hook.c">
      <Filter>bsp</Filter>
    </ClCompile>
    <ClCompile Include="..\trace_io.c">
      <Filter>bsp</Filter>
    </ClCompile>
    <ClCompile Include="..\trace_io_tcp.c">
      <Filter>bsp</Filter>
    </ClCompile>
  </ItemGroup>
  <ItemGroup>
    <ClInclude Include="..\..\..\oven4\rkhcfg.h">
      <Filter>oven</Filter>
    </ClInclude>
    <ClInclude Include="..\..\..\oven4\oven.h">
      <Filter>oven</Filter>
    </ClInclude>
  </ItemGroup>
</Project>