<?xml version="1.0" encoding="utf-8"?>
<Project ToolsVersion="4.0" xmlns="http://schemas.microsoft.com/developer/msbuild/2003">
  <ItemGroup>
    <Filter Include="oven">
      <UniqueIdentifier>{afa225e9-30f2-4371-bbe6-c517ebc52e48}</UniqueIdentifier>
    </Filter>
    <Filter Include="bsp">
      <UniqueIdentifier>{2316084f-b201-4d4d-9881-2b7484f2acd1}</UniqueIdentifier>
    </Filter>
    <Filter Include="rkh">
      <UniqueIdentifier>{71fe2527-9156-4b49-b3d4-68384f8ee09e}</UniqueIdentifier>
    </Filter>
  </ItemGroup>
  <ItemGroup>
    <ClCompile Include="..\..\..\oven2\oven.c">
      <Filter>oven</Filter>
    </ClCompile>
    <ClCompile Include="..\..\..\oven2\main.c">
      <Filter>oven</Filter>
    </ClCompile>
    <ClCompile Include="..\..\..\..\..\rkh\source\fwk\src\rkhfwk_bittbl.c">
      <Filter>rkh</Filter>
    </ClCompile>
    <ClCompile Include="..\..\..\..\..\rkh\source\fwk\src\rkhfwk_dynevt.c">
      <Filter>rkh</Filter>
    </ClCompile>
    <ClCompile Include="..\..\..\..\..\rkh\source\fwk\src\rkhfwk_evtpool.c">
      <Filter>rkh</Filter>
    </ClCompile>
    <ClCompile Include="..\..\..\..\..\rkh\source\fwk\src\rkhfwk_sched.c">
      <Filter>rkh</Filter>
    </ClCompile>
    <ClCompile Include="..\..\..\..\..\rkh\source\fwk\src\rkhfwk_version.c">
      <Filter>rkh</Filter>
    </ClCompile>
    <ClCompile Include="..\..\..\..\..\rkh\source\mempool\src\rkhmempool.c">
      <Filter>rkh</Filter>
    </ClCompile>
    <ClCompile Include="..\..\..\..\..\rkh\source\portable\80x86\win32_st\vc\rkhport.c">
      <Filter>rkh</Filter>
    </ClCompile>
    <ClCompile Include="..\..\..\..\..\rkh\source\queue\src\rkhqueue.c">
      <Filter>rkh</Filter>
    </ClCompile>
    <ClCompile Include="..\..\..\..\..\rkh\source\sm\src\rkhsm.c">
      <Filter>rkh</Filter>
    </ClCompile>
    <ClCompile Include="..\..\..\..\..\rkh\source\sma\src\rkhsma.c">
      <Filter>rkh</Filter>
    </ClCompile>
    <ClCompile Include="..\..\..\..\..\rkh\source\sma\src\rkhsma_prio.c">
      <Filter>rkh</Filter>
    </ClCompile>
    <ClCompile Include="..\..\..\..\..\rkh\source\tmr\src\rkhtmr.c">
      <Filter>rkh</Filter>
    </ClCompile>
    <ClCompile Include="..\..\..\..\..\rkh\source\trc\src\rkhtrc_filter.c">
      <Filter>rkh</Filter>
    </ClCompile>
    <ClCompile Include="..\..\..\..\..\rkh\source\trc\src\rkhtrc_record.c">
      <Filter>rkh</Filter>
    </ClCompile>
    <ClCompile Include="..\..\..\..\..\rkh\source\trc\src\rkhtrc_stream.c">
      <Filter>rkh</Filter>
    </ClCompile>
    <ClCompile Include="..\assert.c">
      <Filter>bsp</Filter>
    </ClCompile>
    <ClCompile Include="..\bsp_oven.c">
      <Filter>bsp</Filter>
    </ClCompile>
    <ClCompile Include="..\getopt.c">
      <Filter>bsp</Filter>
    </ClCompile>
    <ClCompile Include="..\hook.c">
      <Filter>bsp</Filter>
    </ClCompile>
    <ClCompile Include="..\trace_io.c">
      <Filter>bsp</Filter>
    </ClCompile>
    <ClCompile Include="..\trace_io_tcp.c">
      <Filter>bsp</Filter>
    </ClCompile>
  </ItemGroup>
  <ItemGroup>
    <ClInclude Include="..\..\..\oven2\rkhcfg.h">
      <Filter>oven</Filter>
    </ClInclude>
    <ClInclude Include="..\..\..\oven2\oven.h">
      <Filter>oven</Filter>
    </ClInclude>
  </ItemGroup>
</Project>